
Microsoft Visual Studio Solution File, Format Version 12.00
# Visual Studio Version 17
VisualStudioVersion = 17.0.31903.59
MinimumVisualStudioVersion = 10.0.40219.1
Project("{2150E333-8FDC-42A3-9474-1A3956D46DE8}") = "example-consoleapp", "example-consoleapp", "{710B500B-83A5-6984-B47B-AA4DBCF45B69}"
EndProject
Project("{FAE04EC0-301F-11D3-BF4B-00C04F79EFBC}") = "example-consoleapp", "example-consoleapp\example-consoleapp.csproj", "{6679FAD3-349B-4ADB-8A26-C721F6147BF5}"
EndProject
Project("{FAE04EC0-301F-11D3-BF4B-00C04F79EFBC}") = "example-webapp", "example-webapp\example-webapp.csproj", "{79F42326-77DB-4405-81DA-BCF11374105A}"
EndProject
Project("{FAE04EC0-301F-11D3-BF4B-00C04F79EFBC}") = "semantic-kernel", "semantic-kernel\semantic-kernel.csproj", "{9CF3B65A-F37A-441A-A19A-6F458D93E620}"
EndProject
Global
	GlobalSection(SolutionConfigurationPlatforms) = preSolution
		Debug|Any CPU = Debug|Any CPU
		Debug|x64 = Debug|x64
		Debug|x86 = Debug|x86
		Release|Any CPU = Release|Any CPU
		Release|x64 = Release|x64
		Release|x86 = Release|x86
	EndGlobalSection
	GlobalSection(ProjectConfigurationPlatforms) = postSolution
		{6679FAD3-349B-4ADB-8A26-C721F6147BF5}.Debug|Any CPU.ActiveCfg = Debug|Any CPU
		{6679FAD3-349B-4ADB-8A26-C721F6147BF5}.Debug|Any CPU.Build.0 = Debug|Any CPU
		{6679FAD3-349B-4ADB-8A26-C721F6147BF5}.Debug|x64.ActiveCfg = Debug|Any CPU
		{6679FAD3-349B-4ADB-8A26-C721F6147BF5}.Debug|x64.Build.0 = Debug|Any CPU
		{6679FAD3-349B-4ADB-8A26-C721F6147BF5}.Debug|x86.ActiveCfg = Debug|Any CPU
		{6679FAD3-349B-4ADB-8A26-C721F6147BF5}.Debug|x86.Build.0 = Debug|Any CPU
		{6679FAD3-349B-4ADB-8A26-C721F6147BF5}.Release|Any CPU.ActiveCfg = Release|Any CPU
		{6679FAD3-349B-4ADB-8A26-C721F6147BF5}.Release|Any CPU.Build.0 = Release|Any CPU
		{6679FAD3-349B-4ADB-8A26-C721F6147BF5}.Release|x64.ActiveCfg = Release|Any CPU
		{6679FAD3-349B-4ADB-8A26-C721F6147BF5}.Release|x64.Build.0 = Release|Any CPU
		{6679FAD3-349B-4ADB-8A26-C721F6147BF5}.Release|x86.ActiveCfg = Release|Any CPU
		{6679FAD3-349B-4ADB-8A26-C721F6147BF5}.Release|x86.Build.0 = Release|Any CPU
		{79F42326-77DB-4405-81DA-BCF11374105A}.Debug|Any CPU.ActiveCfg = Debug|Any CPU
		{79F42326-77DB-4405-81DA-BCF11374105A}.Debug|Any CPU.Build.0 = Debug|Any CPU
		{79F42326-77DB-4405-81DA-BCF11374105A}.Debug|x64.ActiveCfg = Debug|Any CPU
		{79F42326-77DB-4405-81DA-BCF11374105A}.Debug|x64.Build.0 = Debug|Any CPU
		{79F42326-77DB-4405-81DA-BCF11374105A}.Debug|x86.ActiveCfg = Debug|Any CPU
		{79F42326-77DB-4405-81DA-BCF11374105A}.Debug|x86.Build.0 = Debug|Any CPU
		{79F42326-77DB-4405-81DA-BCF11374105A}.Release|Any CPU.ActiveCfg = Release|Any CPU
		{79F42326-77DB-4405-81DA-BCF11374105A}.Release|Any CPU.Build.0 = Release|Any CPU
		{79F42326-77DB-4405-81DA-BCF11374105A}.Release|x64.ActiveCfg = Release|Any CPU
		{79F42326-77DB-4405-81DA-BCF11374105A}.Release|x64.Build.0 = Release|Any CPU
		{79F42326-77DB-4405-81DA-BCF11374105A}.Release|x86.ActiveCfg = Release|Any CPU
		{79F42326-77DB-4405-81DA-BCF11374105A}.Release|x86.Build.0 = Release|Any CPU
		{9CF3B65A-F37A-441A-A19A-6F458D93E620}.Debug|Any CPU.ActiveCfg = Debug|Any CPU
		{9CF3B65A-F37A-441A-A19A-6F458D93E620}.Debug|Any CPU.Build.0 = Debug|Any CPU
		{9CF3B65A-F37A-441A-A19A-6F458D93E620}.Debug|x64.ActiveCfg = Debug|Any CPU
		{9CF3B65A-F37A-441A-A19A-6F458D93E620}.Debug|x64.Build.0 = Debug|Any CPU
		{9CF3B65A-F37A-441A-A19A-6F458D93E620}.Debug|x86.ActiveCfg = Debug|Any CPU
		{9CF3B65A-F37A-441A-A19A-6F458D93E620}.Debug|x86.Build.0 = Debug|Any CPU
		{9CF3B65A-F37A-441A-A19A-6F458D93E620}.Release|Any CPU.ActiveCfg = Release|Any CPU
		{9CF3B65A-F37A-441A-A19A-6F458D93E620}.Release|Any CPU.Build.0 = Release|Any CPU
		{9CF3B65A-F37A-441A-A19A-6F458D93E620}.Release|x64.ActiveCfg = Release|Any CPU
		{9CF3B65A-F37A-441A-A19A-6F458D93E620}.Release|x64.Build.0 = Release|Any CPU
		{9CF3B65A-F37A-441A-A19A-6F458D93E620}.Release|x86.ActiveCfg = Release|Any CPU
		{9CF3B65A-F37A-441A-A19A-6F458D93E620}.Release|x86.Build.0 = Release|Any CPU
	EndGlobalSection
	GlobalSection(SolutionProperties) = preSolution
		HideSolutionNode = FALSE
	EndGlobalSection
	GlobalSection(NestedProjects) = preSolution
		{6679FAD3-349B-4ADB-8A26-C721F6147BF5} = {710B500B-83A5-6984-B47B-AA4DBCF45B69}
	EndGlobalSection
EndGlobal
